
Microsoft Visual Studio Solution File, Format Version 12.00
# Visual Studio 14
VisualStudioVersion = 14.0.25420.1
MinimumVisualStudioVersion = 10.0.40219.1
Project("{2150E333-8FDC-42A3-9474-1A3956D46DE8}") = "src", "src", "{F5BF4739-ABD4-4785-9663-8198C07F87B3}"
EndProject
Project("{2150E333-8FDC-42A3-9474-1A3956D46DE8}") = "Solution Items", "Solution Items", "{A7CA4684-CBA6-4583-B100-1F33B02BC5E1}"
	ProjectSection(SolutionItems) = preProject
		global.json = global.json
	EndProjectSection
EndProject
Project("{8BB2217D-0F2D-49D1-97BC-3654ED321F3B}") = "GildedRoseWebApplication", "src\GildedRoseWebApplication\GildedRoseWebApplication.xproj", "{993728DD-318B-46BC-9B2E-DA4D0EB770FD}"
EndProject
Project("{8BB2217D-0F2D-49D1-97BC-3654ED321F3B}") = "SimpleTokenProvider", "src\SimpleTokenProvider\SimpleTokenProvider.xproj", "{7296ED00-D6D3-4EA1-9EC6-A3E757ADF8B0}"
EndProject
Project("{2150E333-8FDC-42A3-9474-1A3956D46DE8}") = "test", "test", "{3D53E88D-D88E-43A5-8298-E55915D412EC}"
EndProject
Project("{8BB2217D-0F2D-49D1-97BC-3654ED321F3B}") = "GildedRoseWebApplication.Tests", "test\GildedRoseWebApplication.Tests\GildedRoseWebApplication.Tests.xproj", "{19DA1138-3F7E-4BCB-A2D4-D2091F7FFF75}"
EndProject
Global
	GlobalSection(SolutionConfigurationPlatforms) = preSolution
		Debug|Any CPU = Debug|Any CPU
		Release|Any CPU = Release|Any CPU
	EndGlobalSection
	GlobalSection(ProjectConfigurationPlatforms) = postSolution
		{993728DD-318B-46BC-9B2E-DA4D0EB770FD}.Debug|Any CPU.ActiveCfg = Debug|Any CPU
		{993728DD-318B-46BC-9B2E-DA4D0EB770FD}.Debug|Any CPU.Build.0 = Debug|Any CPU
		{993728DD-318B-46BC-9B2E-DA4D0EB770FD}.Release|Any CPU.ActiveCfg = Release|Any CPU
		{993728DD-318B-46BC-9B2E-DA4D0EB770FD}.Release|Any CPU.Build.0 = Release|Any CPU
		{7296ED00-D6D3-4EA1-9EC6-A3E757ADF8B0}.Debug|Any CPU.ActiveCfg = Debug|Any CPU
		{7296ED00-D6D3-4EA1-9EC6-A3E757ADF8B0}.Debug|Any CPU.Build.0 = Debug|Any CPU
		{7296ED00-D6D3-4EA1-9EC6-A3E757ADF8B0}.Release|Any CPU.ActiveCfg = Release|Any CPU
		{7296ED00-D6D3-4EA1-9EC6-A3E757ADF8B0}.Release|Any CPU.Build.0 = Release|Any CPU
		{19DA1138-3F7E-4BCB-A2D4-D2091F7FFF75}.Debug|Any CPU.ActiveCfg = Debug|Any CPU
		{19DA1138-3F7E-4BCB-A2D4-D2091F7FFF75}.Debug|Any CPU.Build.0 = Debug|Any CPU
		{19DA1138-3F7E-4BCB-A2D4-D2091F7FFF75}.Release|Any CPU.ActiveCfg = Release|Any CPU
		{19DA1138-3F7E-4BCB-A2D4-D2091F7FFF75}.Release|Any CPU.Build.0 = Release|Any CPU
	EndGlobalSection
	GlobalSection(SolutionProperties) = preSolution
		HideSolutionNode = FALSE
	EndGlobalSection
	GlobalSection(NestedProjects) = preSolution
		{993728DD-318B-46BC-9B2E-DA4D0EB770FD} = {F5BF4739-ABD4-4785-9663-8198C07F87B3}
		{7296ED00-D6D3-4EA1-9EC6-A3E757ADF8B0} = {F5BF4739-ABD4-4785-9663-8198C07F87B3}
		{19DA1138-3F7E-4BCB-A2D4-D2091F7FFF75} = {3D53E88D-D88E-43A5-8298-E55915D412EC}
	EndGlobalSection
EndGlobal
